
Microsoft Visual Studio Solution File, Format Version 12.00
# Visual Studio Express 14 for Windows Desktop
VisualStudioVersion = 14.0.25420.1
MinimumVisualStudioVersion = 10.0.40219.1
Project("{FAE04EC0-301F-11D3-BF4B-00C04F79EFBC}") = "Admin_Tool", "Admin_Tool\Admin_Tool.csproj", "{ECE92A71-65BC-437B-A6E3-522AC92A82AA}"
EndProject
Global
	GlobalSection(SolutionConfigurationPlatforms) = preSolution
		Debug|Any CPU = Debug|Any CPU
		Release|Any CPU = Release|Any CPU
	EndGlobalSection
	GlobalSection(ProjectConfigurationPlatforms) = postSolution
		{ECE92A71-65BC-437B-A6E3-522AC92A82AA}.Debug|Any CPU.ActiveCfg = Release|Any CPU
		{ECE92A71-65BC-437B-A6E3-522AC92A82AA}.Debug|Any CPU.Build.0 = Release|Any CPU
		{ECE92A71-65BC-437B-A6E3-522AC92A82AA}.Debug|Any CPU.Deploy.0 = Release|Any CPU
		{ECE92A71-65BC-437B-A6E3-522AC92A82AA}.Release|Any CPU.ActiveCfg = Release|Any CPU
		{ECE92A71-65BC-437B-A6E3-522AC92A82AA}.Release|Any CPU.Build.0 = Release|Any CPU
	EndGlobalSection
	GlobalSection(SolutionProperties) = preSolution
		HideSolutionNode = FALSE
	EndGlobalSection
EndGlobal
